# This file is automatically @generated by Cargo.
# It is not intended for manual editing.
version = 3

[[package]]
name = "antlion"
version = "0.3.1"
source = "registry+https://github.com/rust-lang/crates.io-index"
checksum = "bcf7aed4234b1c5187bb53a77552d2c235a967053e54aa28148170e498164b59"
dependencies = [
 "proc-macro2",
 "quote",
]

[[package]]
name = "displaydoc"
version = "0.2.3"
source = "registry+https://github.com/rust-lang/crates.io-index"
checksum = "3bf95dc3f046b9da4f2d51833c0d3547d8564ef6910f5c1ed130306a75b92886"
dependencies = [
 "proc-macro2",
 "quote",
 "syn",
]

[[package]]
name = "hs-bindgen"
version = "0.7.0"
dependencies = [
 "hs-bindgen-derive",
 "hs-bindgen-traits 0.7.0",
]

[[package]]
name = "hs-bindgen-derive"
version = "0.7.0"
source = "registry+https://github.com/rust-lang/crates.io-index"
checksum = "1c8c82189f5d6e61b0ac4bb0fa6809ae96903442aa5f399362d24dfa2d947196"
dependencies = [
 "antlion",
 "displaydoc",
 "hs-bindgen-traits 0.6.3",
 "lazy_static",
 "quote",
 "rustc_version",
 "semver 1.0.14",
 "serde",
 "syn",
 "thiserror",
 "toml",
]

[[package]]
name = "hs-bindgen-traits"
version = "0.6.3"
source = "registry+https://github.com/rust-lang/crates.io-index"
checksum = "ab3abfac7b95da9e2e8a1d05531f64a3383fc4654b41a21db3b6ad1ee79cd299"
dependencies = [
 "displaydoc",
 "proc-macro2",
 "quote",
 "thiserror",
]

[[package]]
name = "hs-bindgen-traits"
version = "0.7.0"
source = "registry+https://github.com/rust-lang/crates.io-index"
checksum = "1f5a238da188717ebeb3415c87b84d8c82ec46f77deb57b5303f4afde49593fe"
dependencies = [
 "displaydoc",
 "proc-macro2",
 "quote",
 "thiserror",
]

[[package]]
name = "lazy_static"
version = "1.4.0"
source = "registry+https://github.com/rust-lang/crates.io-index"
checksum = "e2abad23fbc42b3700f2f279844dc832adb2b2eb069b2df918f455c4e18cc646"

[[package]]
name = "proc-macro2"
version = "1.0.47"
source = "registry+https://github.com/rust-lang/crates.io-index"
checksum = "5ea3d908b0e36316caf9e9e2c4625cdde190a7e6f440d794667ed17a1855e725"
dependencies = [
 "unicode-ident",
]

[[package]]
name = "quote"
version = "1.0.21"
source = "registry+https://github.com/rust-lang/crates.io-index"
checksum = "bbe448f377a7d6961e30f5955f9b8d106c3f5e449d493ee1b125c1d43c2b5179"
dependencies = [
 "proc-macro2",
]

[[package]]
name = "rustc_version"
version = "0.2.3"
source = "registry+https://github.com/rust-lang/crates.io-index"
checksum = "138e3e0acb6c9fb258b19b67cb8abd63c00679d2851805ea151465464fe9030a"
dependencies = [
 "semver 0.9.0",
]

[[package]]
name = "semver"
version = "0.9.0"
source = "registry+https://github.com/rust-lang/crates.io-index"
checksum = "1d7eb9ef2c18661902cc47e535f9bc51b78acd254da71d375c2f6720d9a40403"
dependencies = [
 "semver-parser",
]

[[package]]
name = "semver"
version = "1.0.14"
source = "registry+https://github.com/rust-lang/crates.io-index"
checksum = "e25dfac463d778e353db5be2449d1cce89bd6fd23c9f1ea21310ce6e5a1b29c4"

[[package]]
name = "semver-parser"
version = "0.7.0"
source = "registry+https://github.com/rust-lang/crates.io-index"
checksum = "388a1df253eca08550bef6c72392cfe7c30914bf41df5269b68cbd6ff8f570a3"

[[package]]
name = "serde"
version = "1.0.147"
source = "registry+https://github.com/rust-lang/crates.io-index"
checksum = "d193d69bae983fc11a79df82342761dfbf28a99fc8d203dca4c3c1b590948965"
dependencies = [
 "serde_derive",
]

[[package]]
name = "serde_derive"
version = "1.0.147"
source = "registry+https://github.com/rust-lang/crates.io-index"
checksum = "4f1d362ca8fc9c3e3a7484440752472d68a6caa98f1ab81d99b5dfe517cec852"
dependencies = [
 "proc-macro2",
 "quote",
 "syn",
]

[[package]]
name = "syn"
version = "1.0.103"
source = "registry+https://github.com/rust-lang/crates.io-index"
checksum = "a864042229133ada95abf3b54fdc62ef5ccabe9515b64717bcb9a1919e59445d"
dependencies = [
 "proc-macro2",
 "quote",
 "unicode-ident",
]

[[package]]
name = "thiserror"
version = "1.0.37"
source = "registry+https://github.com/rust-lang/crates.io-index"
checksum = "10deb33631e3c9018b9baf9dcbbc4f737320d2b576bac10f6aefa048fa407e3e"
dependencies = [
 "thiserror-impl",
]

[[package]]
name = "thiserror-impl"
version = "1.0.37"
source = "registry+https://github.com/rust-lang/crates.io-index"
checksum = "982d17546b47146b28f7c22e3d08465f6b8903d0ea13c1660d9d84a6e7adcdbb"
dependencies = [
 "proc-macro2",
 "quote",
 "syn",
]

[[package]]
name = "toml"
version = "0.5.9"
source = "registry+https://github.com/rust-lang/crates.io-index"
checksum = "8d82e1a7758622a465f8cee077614c73484dac5b836c02ff6a40d5d1010324d7"
dependencies = [
 "serde",
]

[[package]]
name = "unicode-ident"
version = "1.0.5"
source = "registry+https://github.com/rust-lang/crates.io-index"
checksum = "6ceab39d59e4c9499d4e5a8ee0e2735b891bb7308ac83dfb4e80cad195c9f6f3"
